// !$*UTF8*$!
{
	archiveVersion = 1;
	classes = {
	};
	objectVersion = 46;
	objects = {

/* Begin PBXBuildFile section */
		09227DA21C9C2D0E00F765B8 /* Assets.xcassets in Resources */ = {isa = PBXBuildFile; fileRef = 09227D9D1C9C2D0E00F765B8 /* Assets.xcassets */; };
		09227DA31C9C2D0E00F765B8 /* LaunchScreen.storyboard in Resources */ = {isa = PBXBuildFile; fileRef = 09227D9E1C9C2D0E00F765B8 /* LaunchScreen.storyboard */; };
		09227DA41C9C2D0E00F765B8 /* Main.storyboard in Resources */ = {isa = PBXBuildFile; fileRef = 09227DA01C9C2D0E00F765B8 /* Main.storyboard */; };
		09227DA71C9C2DA800F765B8 /* NADAppDelegate.m in Sources */ = {isa = PBXBuildFile; fileRef = 09227DA61C9C2DA800F765B8 /* NADAppDelegate.m */; };
		09227DAA1C9C2DB200F765B8 /* ViewController.m in Sources */ = {isa = PBXBuildFile; fileRef = 09227DA91C9C2DB200F765B8 /* ViewController.m */; };
		09227DAC1C9C2E3500F765B8 /* main.m in Sources */ = {isa = PBXBuildFile; fileRef = 09227DAB1C9C2E3500F765B8 /* main.m */; };
/* End PBXBuildFile section */

/* Begin PBXFileReference section */
		09227D7C1C9C05F700F765B8 /* Хочу к врачу.app */ = {isa = PBXFileReference; explicitFileType = wrapper.application; includeInIndex = 0; path = "Хочу к врачу.app"; sourceTree = BUILT_PRODUCTS_DIR; };
		09227D9D1C9C2D0E00F765B8 /* Assets.xcassets */ = {isa = PBXFileReference; lastKnownFileType = folder.assetcatalog; path = Assets.xcassets; sourceTree = "<group>"; };
		09227D9F1C9C2D0E00F765B8 /* Base */ = {isa = PBXFileReference; lastKnownFileType = file.storyboard; name = Base; path = Base.lproj/LaunchScreen.storyboard; sourceTree = "<group>"; };
		09227DA11C9C2D0E00F765B8 /* Base */ = {isa = PBXFileReference; lastKnownFileType = file.storyboard; name = Base; path = Base.lproj/Main.storyboard; sourceTree = "<group>"; };
		09227DA51C9C2DA800F765B8 /* NADAppDelegate.h */ = {isa = PBXFileReference; fileEncoding = 4; lastKnownFileType = sourcecode.c.h; path = NADAppDelegate.h; sourceTree = "<group>"; };
		09227DA61C9C2DA800F765B8 /* NADAppDelegate.m */ = {isa = PBXFileReference; fileEncoding = 4; lastKnownFileType = sourcecode.c.objc; path = NADAppDelegate.m; sourceTree = "<group>"; };
		09227DA81C9C2DB200F765B8 /* ViewController.h */ = {isa = PBXFileReference; fileEncoding = 4; lastKnownFileType = sourcecode.c.h; path = ViewController.h; sourceTree = "<group>"; };
		09227DA91C9C2DB200F765B8 /* ViewController.m */ = {isa = PBXFileReference; fileEncoding = 4; lastKnownFileType = sourcecode.c.objc; path = ViewController.m; sourceTree = "<group>"; };
		09227DAB1C9C2E3500F765B8 /* main.m */ = {isa = PBXFileReference; fileEncoding = 4; lastKnownFileType = sourcecode.c.objc; path = main.m; sourceTree = "<group>"; };
		09227DAD1C9C2E4900F765B8 /* Info.plist */ = {isa = PBXFileReference; lastKnownFileType = text.plist.xml; path = Info.plist; sourceTree = "<group>"; };
/* End PBXFileReference section */

/* Begin PBXFrameworksBuildPhase section */
		09227D791C9C05F700F765B8 /* Frameworks */ = {
			isa = PBXFrameworksBuildPhase;
			buildActionMask = 2147483647;
			files = (
			);
			runOnlyForDeploymentPostprocessing = 0;
		};
/* End PBXFrameworksBuildPhase section */

/* Begin PBXGroup section */
		09227D731C9C05F700F765B8 = {
			isa = PBXGroup;
			children = (
				09227D7E1C9C05F700F765B8 /* NeedADoctor */,
				09227D7D1C9C05F700F765B8 /* Products */,
			);
			sourceTree = "<group>";
		};
		09227D7D1C9C05F700F765B8 /* Products */ = {
			isa = PBXGroup;
			children = (
				09227D7C1C9C05F700F765B8 /* Хочу к врачу.app */,
			);
			name = Products;
			sourceTree = "<group>";
		};
		09227D7E1C9C05F700F765B8 /* NeedADoctor */ = {
			isa = PBXGroup;
			children = (
				09227D961C9C2C4200F765B8 /* Application */,
				09227D971C9C2C4200F765B8 /* Categories */,
				09227D981C9C2C4200F765B8 /* Models */,
				09227D9A1C9C2C4200F765B8 /* Utils */,
				09227D9C1C9C2D0E00F765B8 /* Resources */,
				09227D9B1C9C2C4200F765B8 /* ViewControllers */,
			);
			path = NeedADoctor;
			sourceTree = "<group>";
		};
		09227D961C9C2C4200F765B8 /* Application */ = {
			isa = PBXGroup;
			children = (
				09227DA51C9C2DA800F765B8 /* NADAppDelegate.h */,
				09227DA61C9C2DA800F765B8 /* NADAppDelegate.m */,
				09227DAB1C9C2E3500F765B8 /* main.m */,
				09227DAD1C9C2E4900F765B8 /* Info.plist */,
			);
			path = Application;
			sourceTree = "<group>";
		};
		09227D971C9C2C4200F765B8 /* Categories */ = {
			isa = PBXGroup;
			children = (
			);
			path = Categories;
			sourceTree = "<group>";
		};
		09227D981C9C2C4200F765B8 /* Models */ = {
			isa = PBXGroup;
			children = (
			);
			path = Models;
			sourceTree = "<group>";
		};
		09227D9A1C9C2C4200F765B8 /* Utils */ = {
			isa = PBXGroup;
			children = (
			);
			path = Utils;
			sourceTree = "<group>";
		};
		09227D9B1C9C2C4200F765B8 /* ViewControllers */ = {
			isa = PBXGroup;
			children = (
				09227DA81C9C2DB200F765B8 /* ViewController.h */,
				09227DA91C9C2DB200F765B8 /* ViewController.m */,
			);
			path = ViewControllers;
			sourceTree = "<group>";
		};
		09227D9C1C9C2D0E00F765B8 /* Resources */ = {
			isa = PBXGroup;
			children = (
				09227D9D1C9C2D0E00F765B8 /* Assets.xcassets */,
				09227D9E1C9C2D0E00F765B8 /* LaunchScreen.storyboard */,
				09227DA01C9C2D0E00F765B8 /* Main.storyboard */,
			);
			path = Resources;
			sourceTree = "<group>";
		};
/* End PBXGroup section */

/* Begin PBXNativeTarget section */
		09227D7B1C9C05F700F765B8 /* NeedADoctor */ = {
			isa = PBXNativeTarget;
			buildConfigurationList = 09227D931C9C05F700F765B8 /* Build configuration list for PBXNativeTarget "NeedADoctor" */;
			buildPhases = (
				09227D781C9C05F700F765B8 /* Sources */,
				09227D791C9C05F700F765B8 /* Frameworks */,
				09227D7A1C9C05F700F765B8 /* Resources */,
			);
			buildRules = (
			);
			dependencies = (
			);
			name = NeedADoctor;
			productName = NeedADoctor;
			productReference = 09227D7C1C9C05F700F765B8 /* Хочу к врачу.app */;
			productType = "com.apple.product-type.application";
		};
/* End PBXNativeTarget section */

/* Begin PBXProject section */
		09227D741C9C05F700F765B8 /* Project object */ = {
			isa = PBXProject;
			attributes = {
				CLASSPREFIX = NAD;
				LastUpgradeCheck = 0720;
				ORGANIZATIONNAME = "Dmitry Terekhov";
				TargetAttributes = {
					09227D7B1C9C05F700F765B8 = {
						CreatedOnToolsVersion = 7.2.1;
					};
				};
			};
			buildConfigurationList = 09227D771C9C05F700F765B8 /* Build configuration list for PBXProject "NeedADoctor" */;
			compatibilityVersion = "Xcode 3.2";
			developmentRegion = English;
			hasScannedForEncodings = 0;
			knownRegions = (
				en,
				Base,
			);
			mainGroup = 09227D731C9C05F700F765B8;
			productRefGroup = 09227D7D1C9C05F700F765B8 /* Products */;
			projectDirPath = "";
			projectRoot = "";
			targets = (
				09227D7B1C9C05F700F765B8 /* NeedADoctor */,
			);
		};
/* End PBXProject section */

/* Begin PBXResourcesBuildPhase section */
		09227D7A1C9C05F700F765B8 /* Resources */ = {
			isa = PBXResourcesBuildPhase;
			buildActionMask = 2147483647;
			files = (
				09227DA21C9C2D0E00F765B8 /* Assets.xcassets in Resources */,
				09227DA41C9C2D0E00F765B8 /* Main.storyboard in Resources */,
				09227DA31C9C2D0E00F765B8 /* LaunchScreen.storyboard in Resources */,
			);
			runOnlyForDeploymentPostprocessing = 0;
		};
/* End PBXResourcesBuildPhase section */

/* Begin PBXSourcesBuildPhase section */
		09227D781C9C05F700F765B8 /* Sources */ = {
			isa = PBXSourcesBuildPhase;
			buildActionMask = 2147483647;
			files = (
				09227DA71C9C2DA800F765B8 /* NADAppDelegate.m in Sources */,
				09227DAC1C9C2E3500F765B8 /* main.m in Sources */,
				09227DAA1C9C2DB200F765B8 /* ViewController.m in Sources */,
			);
			runOnlyForDeploymentPostprocessing = 0;
		};
/* End PBXSourcesBuildPhase section */

/* Begin PBXVariantGroup section */
		09227D9E1C9C2D0E00F765B8 /* LaunchScreen.storyboard */ = {
			isa = PBXVariantGroup;
			children = (
				09227D9F1C9C2D0E00F765B8 /* Base */,
			);
			name = LaunchScreen.storyboard;
			sourceTree = "<group>";
		};
		09227DA01C9C2D0E00F765B8 /* Main.storyboard */ = {
			isa = PBXVariantGroup;
			children = (
				09227DA11C9C2D0E00F765B8 /* Base */,
			);
			name = Main.storyboard;
			sourceTree = "<group>";
		};
/* End PBXVariantGroup section */

/* Begin XCBuildConfiguration section */
		09227D911C9C05F700F765B8 /* Debug */ = {
			isa = XCBuildConfiguration;
			buildSettings = {
				ALWAYS_SEARCH_USER_PATHS = NO;
				CLANG_CXX_LANGUAGE_STANDARD = "gnu++0x";
				CLANG_CXX_LIBRARY = "libc++";
				CLANG_ENABLE_MODULES = YES;
				CLANG_ENABLE_OBJC_ARC = YES;
				CLANG_WARN_BOOL_CONVERSION = YES;
				CLANG_WARN_CONSTANT_CONVERSION = YES;
				CLANG_WARN_DIRECT_OBJC_ISA_USAGE = YES_ERROR;
				CLANG_WARN_EMPTY_BODY = YES;
				CLANG_WARN_ENUM_CONVERSION = YES;
				CLANG_WARN_INT_CONVERSION = YES;
				CLANG_WARN_OBJC_ROOT_CLASS = YES_ERROR;
				CLANG_WARN_UNREACHABLE_CODE = YES;
				CLANG_WARN__DUPLICATE_METHOD_MATCH = YES;
				"CODE_SIGN_IDENTITY[sdk=iphoneos*]" = "iPhone Developer";
				COPY_PHASE_STRIP = NO;
				DEBUG_INFORMATION_FORMAT = dwarf;
				ENABLE_STRICT_OBJC_MSGSEND = YES;
				ENABLE_TESTABILITY = YES;
				GCC_C_LANGUAGE_STANDARD = gnu99;
				GCC_DYNAMIC_NO_PIC = NO;
				GCC_NO_COMMON_BLOCKS = YES;
				GCC_OPTIMIZATION_LEVEL = 0;
				GCC_PREPROCESSOR_DEFINITIONS = (
					"DEBUG=1",
					"$(inherited)",
				);
				GCC_WARN_64_TO_32_BIT_CONVERSION = YES;
				GCC_WARN_ABOUT_RETURN_TYPE = YES_ERROR;
				GCC_WARN_UNDECLARED_SELECTOR = YES;
				GCC_WARN_UNINITIALIZED_AUTOS = YES_AGGRESSIVE;
				GCC_WARN_UNUSED_FUNCTION = YES;
				GCC_WARN_UNUSED_VARIABLE = YES;
				IPHONEOS_DEPLOYMENT_TARGET = 8.0;
				MTL_ENABLE_DEBUG_INFO = YES;
				ONLY_ACTIVE_ARCH = YES;
				SDKROOT = iphoneos;
				TARGETED_DEVICE_FAMILY = "1,2";
			};
			name = Debug;
		};
		09227D921C9C05F700F765B8 /* Release */ = {
			isa = XCBuildConfiguration;
			buildSettings = {
				ALWAYS_SEARCH_USER_PATHS = NO;
				CLANG_CXX_LANGUAGE_STANDARD = "gnu++0x";
				CLANG_CXX_LIBRARY = "libc++";
				CLANG_ENABLE_MODULES = YES;
				CLANG_ENABLE_OBJC_ARC = YES;
				CLANG_WARN_BOOL_CONVERSION = YES;
				CLANG_WARN_CONSTANT_CONVERSION = YES;
				CLANG_WARN_DIRECT_OBJC_ISA_USAGE = YES_ERROR;
				CLANG_WARN_EMPTY_BODY = YES;
				CLANG_WARN_ENUM_CONVERSION = YES;
				CLANG_WARN_INT_CONVERSION = YES;
				CLANG_WARN_OBJC_ROOT_CLASS = YES_ERROR;
				CLANG_WARN_UNREACHABLE_CODE = YES;
				CLANG_WARN__DUPLICATE_METHOD_MATCH = YES;
				"CODE_SIGN_IDENTITY[sdk=iphoneos*]" = "iPhone Developer";
				COPY_PHASE_STRIP = NO;
				DEBUG_INFORMATION_FORMAT = "dwarf-with-dsym";
				ENABLE_NS_ASSERTIONS = NO;
				ENABLE_STRICT_OBJC_MSGSEND = YES;
				GCC_C_LANGUAGE_STANDARD = gnu99;
				GCC_NO_COMMON_BLOCKS = YES;
				GCC_WARN_64_TO_32_BIT_CONVERSION = YES;
				GCC_WARN_ABOUT_RETURN_TYPE = YES_ERROR;
				GCC_WARN_UNDECLARED_SELECTOR = YES;
				GCC_WARN_UNINITIALIZED_AUTOS = YES_AGGRESSIVE;
				GCC_WARN_UNUSED_FUNCTION = YES;
				GCC_WARN_UNUSED_VARIABLE = YES;
				IPHONEOS_DEPLOYMENT_TARGET = 8.0;
				MTL_ENABLE_DEBUG_INFO = NO;
				SDKROOT = iphoneos;
				TARGETED_DEVICE_FAMILY = "1,2";
				VALIDATE_PRODUCT = YES;
			};
			name = Release;
		};
		09227D941C9C05F700F765B8 /* Debug */ = {
			isa = XCBuildConfiguration;
			buildSettings = {
				ASSETCATALOG_COMPILER_APPICON_NAME = AppIcon;
				INFOPLIST_FILE = NeedADoctor/Application/Info.plist;
				LD_RUNPATH_SEARCH_PATHS = "$(inherited) @executable_path/Frameworks";
				PRODUCT_BUNDLE_IDENTIFIER = com.dterekhov.NeedADoctor;
				PRODUCT_NAME = "Хочу к врачу";
			};
			name = Debug;
		};
		09227D951C9C05F700F765B8 /* Release */ = {
			isa = XCBuildConfiguration;
			buildSettings = {
				ASSETCATALOG_COMPILER_APPICON_NAME = AppIcon;
				INFOPLIST_FILE = NeedADoctor/Application/Info.plist;
				LD_RUNPATH_SEARCH_PATHS = "$(inherited) @executable_path/Frameworks";
				PRODUCT_BUNDLE_IDENTIFIER = com.dterekhov.NeedADoctor;
				PRODUCT_NAME = "Хочу к врачу";
			};
			name = Release;
		};
/* End XCBuildConfiguration section */

/* Begin XCConfigurationList section */
		09227D771C9C05F700F765B8 /* Build configuration list for PBXProject "NeedADoctor" */ = {
			isa = XCConfigurationList;
			buildConfigurations = (
				09227D911C9C05F700F765B8 /* Debug */,
				09227D921C9C05F700F765B8 /* Release */,
			);
			defaultConfigurationIsVisible = 0;
			defaultConfigurationName = Release;
		};
		09227D931C9C05F700F765B8 /* Build configuration list for PBXNativeTarget "NeedADoctor" */ = {
			isa = XCConfigurationList;
			buildConfigurations = (
				09227D941C9C05F700F765B8 /* Debug */,
				09227D951C9C05F700F765B8 /* Release */,
			);
			defaultConfigurationIsVisible = 0;
		};
/* End XCConfigurationList section */
	};
	rootObject = 09227D741C9C05F700F765B8 /* Project object */;
}
